PODS:
  - Alamofire (4.8.1)
  - KeychainAccess (3.1.2)
  - Moya (12.0.1):
    - Moya/Core (= 12.0.1)
  - Moya/Core (12.0.1):
    - Alamofire (~> 4.1)
    - Result (~> 4.0)
  - Nuke (7.5.2)
  - Result (4.1.0)
  - SwiftyJSON (3.1.4)

DEPENDENCIES:
  - KeychainAccess
  - Moya
  - Nuke
  - SwiftyJSON (~> 3.1.1)

SPEC REPOS:
  https://github.com/cocoapods/specs.git:
    - Alamofire
    - KeychainAccess
    - Moya
    - Nuke
    - Result
    - SwiftyJSON

SPEC CHECKSUMS:
  Alamofire: 16ce2c353fb72865124ddae8a57c5942388f4f11
  KeychainAccess: b3816fddcf28aa29d94b10ec305cd52be14c472b
  Moya: cf730b3cd9e005401ef37a85143aa141a12fd38f
  Nuke: 0350d346a688426e8f2331253ef28dc2fc4f6178
  Result: bd966fac789cc6c1563440b348ab2598cc24d5c7
  SwiftyJSON: c2842d878f95482ffceec5709abc3d05680c0220

PODFILE CHECKSUM: 20d3285744fcad17bee87853253dde9a3835e36e

COCOAPODS: 1.6.0
